# @generated - this file is auto-generated by `mise lock` https://mise.jdx.dev/dev-tools/mise-lock.html

[[tools."aqua:pulumi/pulumi"]]
version = "3.248.0"
backend = "aqua:pulumi/pulumi"

[tools."aqua:pulumi/pulumi"."platforms.linux-x64"]
checksum = "sha256:a13732d8921f99d70b9ae270d79c3b575bb37707fce7486e64fef333afc11ae0"
url = "https://github.com/pulumi/pulumi/releases/download/v3.248.0/pulumi-v3.248.0-linux-x64.tar.gz"
provenance = "cosign"

[tools."aqua:pulumi/pulumi"."platforms.macos-arm64"]
checksum = "sha256:1c42c8e4c504c12e8cdce42a638ff47a4786afbaebf2f381563bb01f2fadbe48"
url = "https://github.com/pulumi/pulumi/releases/download/v3.248.0/pulumi-v3.248.0-darwin-arm64.tar.gz"
provenance = "cosign"

[[tools.hk]]
version = "1.48.0"
backend = "aqua:jdx/hk"

[tools.hk."platforms.linux-x64"]
checksum = "sha256:6b7f9a28391a8b13b88208d723cbde7b945d095cbb03455c7dd5f8df551ed380"
url = "https://github.com/jdx/hk/releases/download/v1.48.0/hk-x86_64-unknown-linux-gnu.tar.gz"

[tools.hk."platforms.macos-arm64"]
checksum = "sha256:e3985a14f41ba5eb849bf79502ad19201d0a582114a5ebe35a9afff16742024b"
url = "https://github.com/jdx/hk/releases/download/v1.48.0/hk-aarch64-apple-darwin.tar.gz"

[[tools.node]]
version = "24.18.0"
backend = "core:node"

[tools.node."platforms.linux-x64"]
checksum = "sha256:783130984963db7ba9cbd01089eaf2c2efb055c7c1693c943174b967b3050cb8"
url = "https://nodejs.org/dist/v24.18.0/node-v24.18.0-linux-x64.tar.gz"

[tools.node."platforms.macos-arm64"]
checksum = "sha256:e1a97e14c99c803e96c7339403282ea05a499c32f8d83defe9ef5ec66f979ed1"
url = "https://nodejs.org/dist/v24.18.0/node-v24.18.0-darwin-arm64.tar.gz"

[[tools.oxfmt]]
version = "0.56.0"
backend = "npm:oxfmt"

[[tools.oxlint]]
version = "1.71.0"
backend = "npm:oxlint"

[[tools.python]]
version = "3.13.14"
backend = "core:python"

[tools.python."platforms.linux-x64"]
checksum = "sha256:459ed79967acc207bef2ff5124dac35d74d5108528e37b15395d14e2922f2c92"
url = "https://github.com/astral-sh/python-build-standalone/releases/download/20260623/cpython-3.13.14+20260623-x86_64-unknown-linux-gnu-install_only_stripped.tar.gz"
provenance = "github-attestations"

[tools.python."platforms.macos-arm64"]
checksum = "sha256:795a5aeeb050f00aa8a2214d779bad9f1b9113edb6923317a80c042a11a087d7"
url = "https://github.com/astral-sh/python-build-standalone/releases/download/20260623/cpython-3.13.14+20260623-aarch64-apple-darwin-install_only_stripped.tar.gz"
provenance = "github-attestations"

[[tools.uv]]
version = "0.11.24"
backend = "aqua:astral-sh/uv"

[tools.uv."platforms.linux-x64"]
checksum = "sha256:2f9eaa976cf8ad8574623dde6916fb87ec047524fe65b99dc11e44e33eae4bfb"
url = "https://github.com/astral-sh/uv/releases/download/0.11.24/uv-x86_64-unknown-linux-musl.tar.gz"
provenance = "github-attestations"

[tools.uv."platforms.macos-arm64"]
checksum = "sha256:7578c6087c5cd76981732b1f5d126248101faebdf81016ba780a65ce03653cdf"
url = "https://github.com/astral-sh/uv/releases/download/0.11.24/uv-aarch64-apple-darwin.tar.gz"
provenance = "github-attestations"
